
Microsoft Visual Studio Solution File, Format Version 12.00
# Visual Studio Version 16
VisualStudioVersion = 16.0.30001.183
MinimumVisualStudioVersion = 10.0.40219.1
Project("{FAE04EC0-301F-11D3-BF4B-00C04F79EFBC}") = "Manhadeluz", "Manhadeluz.csproj", "{4BD3AD75-A682-4585-B670-1B3EE8FA577F}"
EndProject
Global
	GlobalSection(SolutionConfigurationPlatforms) = preSolution
		Debug|Any CPU = Debug|Any CPU
		Release|Any CPU = Release|Any CPU
	EndGlobalSection
	GlobalSection(ProjectConfigurationPlatforms) = postSolution
		{4BD3AD75-A682-4585-B670-1B3EE8FA577F}.Debug|Any CPU.ActiveCfg = Debug|Any CPU
		{4BD3AD75-A682-4585-B670-1B3EE8FA577F}.Debug|Any CPU.Build.0 = Debug|Any CPU
		{4BD3AD75-A682-4585-B670-1B3EE8FA577F}.Release|Any CPU.ActiveCfg = Release|Any CPU
		{4BD3AD75-A682-4585-B670-1B3EE8FA577F}.Release|Any CPU.Build.0 = Release|Any CPU
	EndGlobalSection
	GlobalSection(SolutionProperties) = preSolution
		HideSolutionNode = FALSE
	EndGlobalSection
	GlobalSection(ExtensibilityGlobals) = postSolution
		SolutionGuid = {63687001-46F6-405A-8A93-AF1E0F0FB356}
	EndGlobalSection
EndGlobal
